
Microsoft Visual Studio Solution File, Format Version 12.00
# Visual Studio 15
VisualStudioVersion = 15.0.28010.2019
MinimumVisualStudioVersion = 10.0.40219.1
Project("{FAE04EC0-301F-11D3-BF4B-00C04F79EFBC}") = "GitDemoKastas", "GitDemoKastas\GitDemoKastas.csproj", "{9E530149-C94B-4939-AA38-386CAED93FB9}"
EndProject
Global
	GlobalSection(SolutionConfigurationPlatforms) = preSolution
		Debug|Any CPU = Debug|Any CPU
		Release|Any CPU = Release|Any CPU
	EndGlobalSection
	GlobalSection(ProjectConfigurationPlatforms) = postSolution
		{9E530149-C94B-4939-AA38-386CAED93FB9}.Debug|Any CPU.ActiveCfg = Debug|Any CPU
		{9E530149-C94B-4939-AA38-386CAED93FB9}.Debug|Any CPU.Build.0 = Debug|Any CPU
		{9E530149-C94B-4939-AA38-386CAED93FB9}.Release|Any CPU.ActiveCfg = Release|Any CPU
		{9E530149-C94B-4939-AA38-386CAED93FB9}.Release|Any CPU.Build.0 = Release|Any CPU
	EndGlobalSection
	GlobalSection(SolutionProperties) = preSolution
		HideSolutionNode = FALSE
	EndGlobalSection
	GlobalSection(ExtensibilityGlobals) = postSolution
		SolutionGuid = {1A4E3C83-24A7-48FF-89F9-0AC63A3A7FCF}
	EndGlobalSection
EndGlobal
